
Microsoft Visual Studio Solution File, Format Version 12.00
# Visual Studio 15
VisualStudioVersion = 15.0.27130.2027
MinimumVisualStudioVersion = 10.0.40219.1
Project("{FAE04EC0-301F-11D3-BF4B-00C04F79EFBC}") = "Methode", "Methode\Methode.csproj", "{53DDE1E8-E0B4-49B9-B576-4DDDA8B694D6}"
EndProject
Project("{FAE04EC0-301F-11D3-BF4B-00C04F79EFBC}") = "Composants", "Composants\Composants.csproj", "{1F6E04FF-2649-47F3-B352-F90D2CEF9B9E}"
EndProject
Project("{FAE04EC0-301F-11D3-BF4B-00C04F79EFBC}") = "Client", "Client\Client.csproj", "{D4EAC113-24CC-40D7-8732-868732F16AFD}"
EndProject
Project("{FAE04EC0-301F-11D3-BF4B-00C04F79EFBC}") = "Contrat", "Contrat\Contrat.csproj", "{53E741BE-81A6-4CD7-851B-BCE84CEB23F7}"
EndProject
Project("{FAE04EC0-301F-11D3-BF4B-00C04F79EFBC}") = "IHM", "IHM\IHM.csproj", "{D8F9F763-F84E-4ACF-B79C-8753F15253D5}"
EndProject
Global
	GlobalSection(SolutionConfigurationPlatforms) = preSolution
		Debug|Any CPU = Debug|Any CPU
		Release|Any CPU = Release|Any CPU
	EndGlobalSection
	GlobalSection(ProjectConfigurationPlatforms) = postSolution
		{53DDE1E8-E0B4-49B9-B576-4DDDA8B694D6}.Debug|Any CPU.ActiveCfg = Debug|Any CPU
		{53DDE1E8-E0B4-49B9-B576-4DDDA8B694D6}.Debug|Any CPU.Build.0 = Debug|Any CPU
		{53DDE1E8-E0B4-49B9-B576-4DDDA8B694D6}.Release|Any CPU.ActiveCfg = Release|Any CPU
		{53DDE1E8-E0B4-49B9-B576-4DDDA8B694D6}.Release|Any CPU.Build.0 = Release|Any CPU
		{1F6E04FF-2649-47F3-B352-F90D2CEF9B9E}.Debug|Any CPU.ActiveCfg = Debug|Any CPU
		{1F6E04FF-2649-47F3-B352-F90D2CEF9B9E}.Debug|Any CPU.Build.0 = Debug|Any CPU
		{1F6E04FF-2649-47F3-B352-F90D2CEF9B9E}.Release|Any CPU.ActiveCfg = Release|Any CPU
		{1F6E04FF-2649-47F3-B352-F90D2CEF9B9E}.Release|Any CPU.Build.0 = Release|Any CPU
		{D4EAC113-24CC-40D7-8732-868732F16AFD}.Debug|Any CPU.ActiveCfg = Debug|Any CPU
		{D4EAC113-24CC-40D7-8732-868732F16AFD}.Debug|Any CPU.Build.0 = Debug|Any CPU
		{D4EAC113-24CC-40D7-8732-868732F16AFD}.Release|Any CPU.ActiveCfg = Release|Any CPU
		{D4EAC113-24CC-40D7-8732-868732F16AFD}.Release|Any CPU.Build.0 = Release|Any CPU
		{53E741BE-81A6-4CD7-851B-BCE84CEB23F7}.Debug|Any CPU.ActiveCfg = Debug|Any CPU
		{53E741BE-81A6-4CD7-851B-BCE84CEB23F7}.Debug|Any CPU.Build.0 = Debug|Any CPU
		{53E741BE-81A6-4CD7-851B-BCE84CEB23F7}.Release|Any CPU.ActiveCfg = Release|Any CPU
		{53E741BE-81A6-4CD7-851B-BCE84CEB23F7}.Release|Any CPU.Build.0 = Release|Any CPU
		{D8F9F763-F84E-4ACF-B79C-8753F15253D5}.Debug|Any CPU.ActiveCfg = Debug|Any CPU
		{D8F9F763-F84E-4ACF-B79C-8753F15253D5}.Debug|Any CPU.Build.0 = Debug|Any CPU
		{D8F9F763-F84E-4ACF-B79C-8753F15253D5}.Release|Any CPU.ActiveCfg = Release|Any CPU
		{D8F9F763-F84E-4ACF-B79C-8753F15253D5}.Release|Any CPU.Build.0 = Release|Any CPU
	EndGlobalSection
	GlobalSection(SolutionProperties) = preSolution
		HideSolutionNode = FALSE
	EndGlobalSection
	GlobalSection(ExtensibilityGlobals) = postSolution
		SolutionGuid = {D3A15F05-C167-4C43-A3C1-0FC85B7A5FF3}
	EndGlobalSection
EndGlobal
